{
  "renv": {
    "Version": "0.7.0-13"
  },
  "R": {
    "Version": "3.6.1",
    "Repositories": [
      {
        "Name": "CRAN",
        "URL": "https://cran.rstudio.com"
      }
    ]
  },
  "Packages": {
    "BH": {
      "Package": "BH",
      "Version": "1.69.0-1",
      "Source": "CRAN",
      "Hash": "0fde015f5153e51df44981da0767f522"
    },
    "OpenImageR": {
      "Package": "OpenImageR",
      "Version": "1.1.5",
      "Source": "CRAN",
      "Hash": "9cd5014b7c47d11b700fb87399fbbbd8"
    },
    "R.methodsS3": {
      "Package": "R.methodsS3",
      "Version": "1.7.1",
      "Source": "CRAN",
      "Hash": "d2c60692c1500e87b06a602b316817ba"
    },
    "R.oo": {
      "Package": "R.oo",
      "Version": "1.22.0",
      "Source": "CRAN",
      "Hash": "3ed00bcfb667ecbfcc1ddfa07d63e6b3"
    },
    "R.utils": {
      "Package": "R.utils",
      "Version": "2.9.0",
      "Source": "CRAN",
      "Hash": "081935deb684d2f5fdb39d34cba21774"
    },
    "R6": {
      "Package": "R6",
      "Version": "2.4.0",
      "Source": "CRAN",
      "Hash": "92b50d943a7c76c67918c1e1beb68627"
    },
    "RCurl": {
      "Package": "RCurl",
      "Version": "1.95-4.12",
      "Source": "CRAN",
      "Hash": "da83dfabbb92098a20dada46869921a3"
    },
    "Rcpp": {
      "Package": "Rcpp",
      "Version": "1.0.2",
      "Source": "CRAN",
      "Hash": "c25fa7d5684fa7001ddfea3755243975"
    },
    "RcppArmadillo": {
      "Package": "RcppArmadillo",
      "Version": "0.9.600.4.0",
      "Source": "CRAN",
      "Hash": "57ecd65f250da202aa6c618074bcdb30"
    },
    "XLConnect": {
      "Package": "XLConnect",
      "Version": "0.2-15",
      "Source": "CRAN",
      "Hash": "1b21ecf039f86d035f3f5790f1d06531"
    },
    "XLConnectJars": {
      "Package": "XLConnectJars",
      "Version": "0.2-15",
      "Source": "CRAN",
      "Hash": "990b86201e2cecedff94793ab317f3be"
    },
    "askpass": {
      "Package": "askpass",
      "Version": "1.1",
      "Source": "CRAN",
      "Hash": "46678e19f261db289be40292d8e5d5bf"
    },
    "assertthat": {
      "Package": "assertthat",
      "Version": "0.2.1",
      "Source": "CRAN",
      "Hash": "19fb3d0ad048b4eb1a05cacffbae1f66"
    },
    "backports": {
      "Package": "backports",
      "Version": "1.1.4",
      "Source": "CRAN",
      "Hash": "2a78bf0825e0088e117520553ceb7fa5"
    },
    "base64enc": {
      "Package": "base64enc",
      "Version": "0.1-3",
      "Source": "CRAN",
      "Hash": "d355963b4b1c3039bfe8d65611a11cca"
    },
    "bitops": {
      "Package": "bitops",
      "Version": "1.0-6",
      "Source": "CRAN",
      "Hash": "62408262624d9f8e436f51ca901424e2"
    },
    "cellranger": {
      "Package": "cellranger",
      "Version": "1.1.0",
      "Source": "CRAN",
      "Hash": "2cd2a065192f3ba08a919d8800dba7e0"
    },
    "cli": {
      "Package": "cli",
      "Version": "1.1.0",
      "Source": "CRAN",
      "Hash": "9b3dc7798f53ba3050b41ce4a3febdc5"
    },
    "clipr": {
      "Package": "clipr",
      "Version": "0.7.0",
      "Source": "CRAN",
      "Hash": "9a99b54d2baf9393d0a68b6ea9513ee6"
    },
    "crayon": {
      "Package": "crayon",
      "Version": "1.3.4",
      "Source": "CRAN",
      "Hash": "d308ead32010b8e4d76c4690427da50b"
    },
    "curl": {
      "Package": "curl",
      "Version": "4.0",
      "Source": "CRAN",
      "Hash": "7dc1d02a04a75510424d2c7404fadfa7"
    },
    "digest": {
      "Package": "digest",
      "Version": "0.6.20",
      "Source": "CRAN",
      "Hash": "e90f6670040b5aec92425051fc13ac1c"
    },
    "dplyr": {
      "Package": "dplyr",
      "Version": "0.8.1",
      "Source": "CRAN",
      "Hash": "5bb882b8309b2967785c3685ab36ec4d"
    },
    "ellipsis": {
      "Package": "ellipsis",
      "Version": "0.2.0.1",
      "Source": "CRAN",
      "Hash": "a7a9b2ae023bf012744c480d3388c0c8"
    },
    "evaluate": {
      "Package": "evaluate",
      "Version": "0.14",
      "Source": "CRAN",
      "Hash": "5a6c1949963e0785dbcbb0556337d61e"
    },
    "fansi": {
      "Package": "fansi",
      "Version": "0.4.0",
      "Source": "CRAN",
      "Hash": "cd87b0162287f0da225edfaa2fd3a20c"
    },
    "glue": {
      "Package": "glue",
      "Version": "1.3.1",
      "Source": "CRAN",
      "Hash": "e8436e647719b7c9d01409767cd88cc8"
    },
    "googlesheets": {
      "Package": "googlesheets",
      "Version": "0.3.0",
      "Source": "CRAN",
      "Hash": "b8cf2a0db7042d7e36a93a83a7b4a5a8"
    },
    "highr": {
      "Package": "highr",
      "Version": "0.8",
      "Source": "CRAN",
      "Hash": "43e36bc8bca1d8256f86933659c46349"
    },
    "hms": {
      "Package": "hms",
      "Version": "0.5.1",
      "Source": "CRAN",
      "Hash": "5c9cbb0d6f49109be1a771d963801847"
    },
    "htmltools": {
      "Package": "htmltools",
      "Version": "0.3.6",
      "Source": "CRAN",
      "Hash": "5132526e7fb28a2c20d1ef443d5c4644"
    },
    "httpuv": {
      "Package": "httpuv",
      "Version": "1.5.1",
      "Source": "CRAN",
      "Hash": "3e4206eb62d89401a2a990eba9b3ecac"
    },
    "httr": {
      "Package": "httr",
      "Version": "1.4.1",
      "Source": "CRAN",
      "Hash": "5dbd937df2ed15043fd4b49e1e217030"
    },
    "jpeg": {
      "Package": "jpeg",
      "Version": "0.1-8",
      "Source": "CRAN",
      "Hash": "c5744e03e8ed29c1b66dc47d6cf1b2c8"
    },
    "jsonlite": {
      "Package": "jsonlite",
      "Version": "1.6",
      "Source": "CRAN",
      "Hash": "b7e67b6a7bc2fdae729c0f3ff9026a8a"
    },
    "knitr": {
      "Package": "knitr",
      "Version": "1.24",
      "Source": "CRAN",
      "Hash": "4d5213d0ec43d3ef3415177faa434602"
    },
    "later": {
      "Package": "later",
      "Version": "0.8.0",
      "Source": "CRAN",
      "Hash": "4d5b806a328e0da75f0f0d4653676552"
    },
    "lubridate": {
      "Package": "lubridate",
      "Version": "1.7.4",
      "Source": "CRAN",
      "Hash": "d55fdb3732a8f047e49b86064dd78984"
    },
    "magick": {
      "Package": "magick",
      "Version": "2.2",
      "Source": "CRAN",
      "Hash": "452b461db4b0b37d0718a03e00613b84"
    },
    "magrittr": {
      "Package": "magrittr",
      "Version": "1.5",
      "Source": "CRAN",
      "Hash": "dee1d97cffddfd3ed969e224bd0826d0"
    },
    "mailR": {
      "Package": "mailR",
      "Version": "0.4.1",
      "Source": "CRAN",
      "Hash": "cbf42f6386c0b342eb362e129214e18a"
    },
    "markdown": {
      "Package": "markdown",
      "Version": "1.1",
      "Source": "CRAN",
      "Hash": "80e1f73841614fa35f82a85d66fb41da"
    },
    "mime": {
      "Package": "mime",
      "Version": "0.7",
      "Source": "CRAN",
      "Hash": "908d95ccbfd1dd274073ef07a7c93934"
    },
    "openssl": {
      "Package": "openssl",
      "Version": "1.4.1",
      "Source": "CRAN",
      "Hash": "6c438de366d5693238d1c400deb66cb6"
    },
    "pdftools": {
      "Package": "pdftools",
      "Version": "2.2",
      "Source": "CRAN",
      "Hash": "8180500798e52018c6f46c02b85a63fb"
    },
    "pillar": {
      "Package": "pillar",
      "Version": "1.4.2",
      "Source": "CRAN",
      "Hash": "57645ff795277554eee14df5bcee8025"
    },
    "pkgconfig": {
      "Package": "pkgconfig",
      "Version": "2.0.2",
      "Source": "CRAN",
      "Hash": "2dd2d8867e4f0173ea2ce029d630a086"
    },
    "plogr": {
      "Package": "plogr",
      "Version": "0.2.0",
      "Source": "CRAN",
      "Hash": "1a8304cc1382ef64e3b710ba589d7bc0"
    },
    "png": {
      "Package": "png",
      "Version": "0.1-7",
      "Source": "CRAN",
      "Hash": "2facb7d8929420c91d1ddc8d4636f787"
    },
    "promises": {
      "Package": "promises",
      "Version": "1.0.1",
      "Source": "CRAN",
      "Hash": "f80d162b7cef7e36a0134d1f1084e36d"
    },
    "purrr": {
      "Package": "purrr",
      "Version": "0.3.2",
      "Source": "CRAN",
      "Hash": "c360ab7eabd6e38a83f2475eb97c6344"
    },
    "qpdf": {
      "Package": "qpdf",
      "Version": "1.1",
      "Source": "CRAN",
      "Hash": "1eb3c58552bd4dbc8f94157b0d71e744"
    },
    "rJava": {
      "Package": "rJava",
      "Version": "0.9-11",
      "Source": "CRAN",
      "Hash": "4b95199d95a7ca8f00e2efdc3b5f2726"
    },
    "readr": {
      "Package": "readr",
      "Version": "1.3.1",
      "Source": "CRAN",
      "Hash": "60167b7ec3de99e76ff406aaf0f83bb4"
    },
    "rematch": {
      "Package": "rematch",
      "Version": "1.0.1",
      "Source": "CRAN",
      "Hash": "d3d55a556f7f2e74f449d6a53b8abf8e"
    },
    "renv": {
      "Package": "renv",
      "Version": "0.7.0-13",
      "Source": "GitHub",
      "RemoteType": "github",
      "RemoteHost": "api.github.com",
      "RemoteRepo": "renv",
      "RemoteUsername": "rstudio",
      "RemoteRef": "master",
      "RemoteSha": "6106c19c4780e2108ac37488d8dd093435afe219",
      "Hash": "90853a5e9c9e160aa72dc62fa1545fc8"
    },
    "rlang": {
      "Package": "rlang",
      "Version": "0.4.0",
      "Source": "CRAN",
      "Hash": "8f1bf3a54c8844dc254baabba61cb6a9"
    },
    "rmarkdown": {
      "Package": "rmarkdown",
      "Version": "1.13",
      "Source": "CRAN",
      "Hash": "d91e5ea62ea410cd5c04e1be6a7c273d"
    },
    "rprojroot": {
      "Package": "rprojroot",
      "Version": "1.3-2",
      "Source": "CRAN",
      "Hash": "5382761b8b318da6dd3fb0f6dae3c43a"
    },
    "shiny": {
      "Package": "shiny",
      "Version": "1.3.2",
      "Source": "CRAN",
      "Hash": "3f96ad878877e005bcf6093c5c7efd9e"
    },
    "sourcetools": {
      "Package": "sourcetools",
      "Version": "0.1.7",
      "Source": "CRAN",
      "Hash": "fc68fa34b8576eaa5a845a46ad75e214"
    },
    "stringi": {
      "Package": "stringi",
      "Version": "1.4.3",
      "Source": "CRAN",
      "Hash": "113506f116db9dd5bd1caf46884e0647"
    },
    "stringr": {
      "Package": "stringr",
      "Version": "1.4.0",
      "Source": "CRAN",
      "Hash": "41d6310ad18bd019a203d7adc496a28b"
    },
    "sys": {
      "Package": "sys",
      "Version": "3.3",
      "Source": "CRAN",
      "Hash": "9ecf6bee5958b8977bd1db3131978a71"
    },
    "tibble": {
      "Package": "tibble",
      "Version": "2.1.3",
      "Source": "CRAN",
      "Hash": "a8d41bd284e21ab7e776d228dc5bac91"
    },
    "tidyr": {
      "Package": "tidyr",
      "Version": "0.8.3",
      "Source": "CRAN",
      "Hash": "51442fddca0f783dce03baffbe5b790b"
    },
    "tidyselect": {
      "Package": "tidyselect",
      "Version": "0.2.5",
      "Source": "CRAN",
      "Hash": "dc3fcbc21f04b293e0794e24982cf357"
    },
    "tiff": {
      "Package": "tiff",
      "Version": "0.1-5",
      "Source": "CRAN",
      "Hash": "352d3426f348f884f7858db6cce080f7"
    },
    "tinytex": {
      "Package": "tinytex",
      "Version": "0.15",
      "Source": "CRAN",
      "Hash": "11c9260eb54db1f55e7573844c2ae8ed"
    },
    "utf8": {
      "Package": "utf8",
      "Version": "1.1.4",
      "Source": "CRAN",
      "Hash": "3f1a5a5b184f63379f8e6c08d5036c53"
    },
    "vctrs": {
      "Package": "vctrs",
      "Version": "0.2.0",
      "Source": "CRAN",
      "Hash": "4bdc6a6c4c5a434d880b73817d4ea641"
    },
    "xfun": {
      "Package": "xfun",
      "Version": "0.9",
      "Source": "CRAN",
      "Hash": "f577b2b637a64f3b5662430ccc6fa1b7"
    },
    "xml2": {
      "Package": "xml2",
      "Version": "1.2.2",
      "Source": "CRAN",
      "Hash": "22fa8b694a7ffcec094bfb94a405595d"
    },
    "xtable": {
      "Package": "xtable",
      "Version": "1.8-4",
      "Source": "CRAN",
      "Hash": "48f60fcc0974ce72870076d48038df2d"
    },
    "yaml": {
      "Package": "yaml",
      "Version": "2.2.0",
      "Source": "CRAN",
      "Hash": "3a313c96061c4ac790de611dc57ebd1f"
    },
    "zeallot": {
      "Package": "zeallot",
      "Version": "0.1.0",
      "Source": "CRAN",
      "Hash": "45d65588b02d47970fc84adecb2ee664"
    }
  }
}
